// !$*UTF8*$!
{
	archiveVersion = 1;
	classes = {
	};
	objectVersion = 46;
	objects = {

/* Begin PBXBuildFile section */
		000862651B98337E0031607D /* MyselfViewController.swift in Sources */ = {isa = PBXBuildFile; fileRef = 000862641B98337E0031607D /* MyselfViewController.swift */; };
		001A365E1BB21F2900D94F34 /* LoginViewController.swift in Sources */ = {isa = PBXBuildFile; fileRef = 001A365D1BB21F2900D94F34 /* LoginViewController.swift */; };
		002D475D1B91326700A43D5D /* AddRemindViewController.swift in Sources */ = {isa = PBXBuildFile; fileRef = 002D475C1B91326700A43D5D /* AddRemindViewController.swift */; };
		002D47611B91403600A43D5D /* ShowRemindViewController.swift in Sources */ = {isa = PBXBuildFile; fileRef = 002D47601B91403600A43D5D /* ShowRemindViewController.swift */; };
		004F4BBF1B909442007DABE7 /* AppDelegate.swift in Sources */ = {isa = PBXBuildFile; fileRef = 004F4BBE1B909442007DABE7 /* AppDelegate.swift */; };
		004F4BC21B909442007DABE7 /* crowingApp.xcdatamodeld in Sources */ = {isa = PBXBuildFile; fileRef = 004F4BC01B909442007DABE7 /* crowingApp.xcdatamodeld */; };
		004F4BC41B909442007DABE7 /* RemindListViewController.swift in Sources */ = {isa = PBXBuildFile; fileRef = 004F4BC31B909442007DABE7 /* RemindListViewController.swift */; };
		004F4BC71B909442007DABE7 /* Main.storyboard in Resources */ = {isa = PBXBuildFile; fileRef = 004F4BC51B909442007DABE7 /* Main.storyboard */; };
		004F4BC91B909442007DABE7 /* Images.xcassets in Resources */ = {isa = PBXBuildFile; fileRef = 004F4BC81B909442007DABE7 /* Images.xcassets */; };
		004F4BCC1B909442007DABE7 /* LaunchScreen.xib in Resources */ = {isa = PBXBuildFile; fileRef = 004F4BCA1B909442007DABE7 /* LaunchScreen.xib */; };
		004F4BD81B909442007DABE7 /* crowingAppTests.swift in Sources */ = {isa = PBXBuildFile; fileRef = 004F4BD71B909442007DABE7 /* crowingAppTests.swift */; };
		004F4BE21B9097B9007DABE7 /* CheckViewController.swift in Sources */ = {isa = PBXBuildFile; fileRef = 004F4BE11B9097B9007DABE7 /* CheckViewController.swift */; };
		004F4BE41B90A556007DABE7 /* 0.jpeg in Resources */ = {isa = PBXBuildFile; fileRef = 004F4BE31B90A556007DABE7 /* 0.jpeg */; };
		00EB3AF51B93DEE8008B061A /* RemindListCreateViewController.swift in Sources */ = {isa = PBXBuildFile; fileRef = 00EB3AF41B93DEE8008B061A /* RemindListCreateViewController.swift */; };
		00EB3AF71B93DEFE008B061A /* RemindListFollowViewController.swift in Sources */ = {isa = PBXBuildFile; fileRef = 00EB3AF61B93DEFE008B061A /* RemindListFollowViewController.swift */; };
		55088B9D1BCA32420029EC2B /* FollowAtRemind+CoreDataProperties.swift in Sources */ = {isa = PBXBuildFile; fileRef = 55088B9B1BCA32420029EC2B /* FollowAtRemind+CoreDataProperties.swift */; };
		55088B9E1BCA32420029EC2B /* FollowAtRemind.swift in Sources */ = {isa = PBXBuildFile; fileRef = 55088B9C1BCA32420029EC2B /* FollowAtRemind.swift */; };
		5533F0901BCA2DA100EE4D08 /* User+CoreDataProperties.swift in Sources */ = {isa = PBXBuildFile; fileRef = 5533F0861BCA2DA100EE4D08 /* User+CoreDataProperties.swift */; };
		5533F0911BCA2DA100EE4D08 /* User.swift in Sources */ = {isa = PBXBuildFile; fileRef = 5533F0871BCA2DA100EE4D08 /* User.swift */; };
		5533F0941BCA2DA100EE4D08 /* CheckAtFollowing+CoreDataProperties.swift in Sources */ = {isa = PBXBuildFile; fileRef = 5533F08A1BCA2DA100EE4D08 /* CheckAtFollowing+CoreDataProperties.swift */; };
		5533F0951BCA2DA100EE4D08 /* CheckAtFollowing.swift in Sources */ = {isa = PBXBuildFile; fileRef = 5533F08B1BCA2DA100EE4D08 /* CheckAtFollowing.swift */; };
		5533F0961BCA2DA100EE4D08 /* Remind+CoreDataProperties.swift in Sources */ = {isa = PBXBuildFile; fileRef = 5533F08C1BCA2DA100EE4D08 /* Remind+CoreDataProperties.swift */; };
		5533F0971BCA2DA100EE4D08 /* Remind.swift in Sources */ = {isa = PBXBuildFile; fileRef = 5533F08D1BCA2DA100EE4D08 /* Remind.swift */; };
		5533F0981BCA2DA100EE4D08 /* RemindMessage+CoreDataProperties.swift in Sources */ = {isa = PBXBuildFile; fileRef = 5533F08E1BCA2DA100EE4D08 /* RemindMessage+CoreDataProperties.swift */; };
		5533F0991BCA2DA100EE4D08 /* RemindMessage.swift in Sources */ = {isa = PBXBuildFile; fileRef = 5533F08F1BCA2DA100EE4D08 /* RemindMessage.swift */; };
		55D86AB61BC4CB3E0059ECA7 /* RemindSumListViewController.swift in Sources */ = {isa = PBXBuildFile; fileRef = 55D86AB51BC4CB3E0059ECA7 /* RemindSumListViewController.swift */; };
/* End PBXBuildFile section */

/* Begin PBXContainerItemProxy section */
		004F4BD21B909442007DABE7 /* PBXContainerItemProxy */ = {
			isa = PBXContainerItemProxy;
			containerPortal = 004F4BB11B909442007DABE7 /* Project object */;
			proxyType = 1;
			remoteGlobalIDString = 004F4BB81B909442007DABE7;
			remoteInfo = crowingApp;
		};
/* End PBXContainerItemProxy section */

/* Begin PBXFileReference section */
		000862641B98337E0031607D /* MyselfViewController.swift */ = {isa = PBXFileReference; fileEncoding = 4; lastKnownFileType = sourcecode.swift; path = MyselfViewController.swift; sourceTree = "<group>"; };
		001A365D1BB21F2900D94F34 /* LoginViewController.swift */ = {isa = PBXFileReference; fileEncoding = 4; lastKnownFileType = sourcecode.swift; path = LoginViewController.swift; sourceTree = "<group>"; };
		002D475C1B91326700A43D5D /* AddRemindViewController.swift */ = {isa = PBXFileReference; fileEncoding = 4; lastKnownFileType = sourcecode.swift; path = AddRemindViewController.swift; sourceTree = "<group>"; };
		002D47601B91403600A43D5D /* ShowRemindViewController.swift */ = {isa = PBXFileReference; fileEncoding = 4; lastKnownFileType = sourcecode.swift; path = ShowRemindViewController.swift; sourceTree = "<group>"; };
		004F4BB91B909442007DABE7 /* crowingApp.app */ = {isa = PBXFileReference; explicitFileType = wrapper.application; includeInIndex = 0; path = crowingApp.app; sourceTree = BUILT_PRODUCTS_DIR; };
		004F4BBD1B909442007DABE7 /* Info.plist */ = {isa = PBXFileReference; lastKnownFileType = text.plist.xml; path = Info.plist; sourceTree = "<group>"; };
		004F4BBE1B909442007DABE7 /* AppDelegate.swift */ = {isa = PBXFileReference; lastKnownFileType = sourcecode.swift; path = AppDelegate.swift; sourceTree = "<group>"; };
		004F4BC11B909442007DABE7 /* crowingApp.xcdatamodel */ = {isa = PBXFileReference; lastKnownFileType = wrapper.xcdatamodel; path = crowingApp.xcdatamodel; sourceTree = "<group>"; };
		004F4BC31B909442007DABE7 /* RemindListViewController.swift */ = {isa = PBXFileReference; lastKnownFileType = sourcecode.swift; path = RemindListViewController.swift; sourceTree = "<group>"; };
		004F4BC61B909442007DABE7 /* Base */ = {isa = PBXFileReference; lastKnownFileType = file.storyboard; name = Base; path = Base.lproj/Main.storyboard; sourceTree = "<group>"; };
		004F4BC81B909442007DABE7 /* Images.xcassets */ = {isa = PBXFileReference; lastKnownFileType = folder.assetcatalog; path = Images.xcassets; sourceTree = "<group>"; };
		004F4BCB1B909442007DABE7 /* Base */ = {isa = PBXFileReference; lastKnownFileType = file.xib; name = Base; path = Base.lproj/LaunchScreen.xib; sourceTree = "<group>"; };
		004F4BD11B909442007DABE7 /* crowingAppTests.xctest */ = {isa = PBXFileReference; explicitFileType = wrapper.cfbundle; includeInIndex = 0; path = crowingAppTests.xctest; sourceTree = BUILT_PRODUCTS_DIR; };
		004F4BD61B909442007DABE7 /* Info.plist */ = {isa = PBXFileReference; lastKnownFileType = text.plist.xml; path = Info.plist; sourceTree = "<group>"; };
		004F4BD71B909442007DABE7 /* crowingAppTests.swift */ = {isa = PBXFileReference; lastKnownFileType = sourcecode.swift; path = crowingAppTests.swift; sourceTree = "<group>"; };
		004F4BE11B9097B9007DABE7 /* CheckViewController.swift */ = {isa = PBXFileReference; fileEncoding = 4; lastKnownFileType = sourcecode.swift; path = CheckViewController.swift; sourceTree = "<group>"; };
		004F4BE31B90A556007DABE7 /* 0.jpeg */ = {isa = PBXFileReference; lastKnownFileType = image.jpeg; path = 0.jpeg; sourceTree = "<group>"; };
		00EB3AF41B93DEE8008B061A /* RemindListCreateViewController.swift */ = {isa = PBXFileReference; fileEncoding = 4; lastKnownFileType = sourcecode.swift; path = RemindListCreateViewController.swift; sourceTree = "<group>"; };
		00EB3AF61B93DEFE008B061A /* RemindListFollowViewController.swift */ = {isa = PBXFileReference; fileEncoding = 4; lastKnownFileType = sourcecode.swift; path = RemindListFollowViewController.swift; sourceTree = "<group>"; };
		55088B9B1BCA32420029EC2B /* FollowAtRemind+CoreDataProperties.swift */ = {isa = PBXFileReference; fileEncoding = 4; lastKnownFileType = sourcecode.swift; path = "FollowAtRemind+CoreDataProperties.swift"; sourceTree = "<group>"; };
		55088B9C1BCA32420029EC2B /* FollowAtRemind.swift */ = {isa = PBXFileReference; fileEncoding = 4; lastKnownFileType = sourcecode.swift; path = FollowAtRemind.swift; sourceTree = "<group>"; };
		5533F0861BCA2DA100EE4D08 /* User+CoreDataProperties.swift */ = {isa = PBXFileReference; fileEncoding = 4; lastKnownFileType = sourcecode.swift; path = "User+CoreDataProperties.swift"; sourceTree = "<group>"; };
		5533F0871BCA2DA100EE4D08 /* User.swift */ = {isa = PBXFileReference; fileEncoding = 4; lastKnownFileType = sourcecode.swift; path = User.swift; sourceTree = "<group>"; };
		5533F08A1BCA2DA100EE4D08 /* CheckAtFollowing+CoreDataProperties.swift */ = {isa = PBXFileReference; fileEncoding = 4; lastKnownFileType = sourcecode.swift; path = "CheckAtFollowing+CoreDataProperties.swift"; sourceTree = "<group>"; };
		5533F08B1BCA2DA100EE4D08 /* CheckAtFollowing.swift */ = {isa = PBXFileReference; fileEncoding = 4; lastKnownFileType = sourcecode.swift; path = CheckAtFollowing.swift; sourceTree = "<group>"; };
		5533F08C1BCA2DA100EE4D08 /* Remind+CoreDataProperties.swift */ = {isa = PBXFileReference; fileEncoding = 4; lastKnownFileType = sourcecode.swift; path = "Remind+CoreDataProperties.swift"; sourceTree = "<group>"; };
		5533F08D1BCA2DA100EE4D08 /* Remind.swift */ = {isa = PBXFileReference; fileEncoding = 4; lastKnownFileType = sourcecode.swift; path = Remind.swift; sourceTree = "<group>"; };
		5533F08E1BCA2DA100EE4D08 /* RemindMessage+CoreDataProperties.swift */ = {isa = PBXFileReference; fileEncoding = 4; lastKnownFileType = sourcecode.swift; path = "RemindMessage+CoreDataProperties.swift"; sourceTree = "<group>"; };
		5533F08F1BCA2DA100EE4D08 /* RemindMessage.swift */ = {isa = PBXFileReference; fileEncoding = 4; lastKnownFileType = sourcecode.swift; path = RemindMessage.swift; sourceTree = "<group>"; };
		55CE97CF1BC3D2D00057F5C5 /* crowingApp-Bridging-Header.h */ = {isa = PBXFileReference; lastKnownFileType = sourcecode.c.h; path = "crowingApp-Bridging-Header.h"; sourceTree = "<group>"; };
		55D86AB51BC4CB3E0059ECA7 /* RemindSumListViewController.swift */ = {isa = PBXFileReference; fileEncoding = 4; lastKnownFileType = sourcecode.swift; path = RemindSumListViewController.swift; sourceTree = "<group>"; };
/* End PBXFileReference section */

/* Begin PBXFrameworksBuildPhase section */
		004F4BB61B909442007DABE7 /* Frameworks */ = {
			isa = PBXFrameworksBuildPhase;
			buildActionMask = 2147483647;
			files = (
			);
			runOnlyForDeploymentPostprocessing = 0;
		};
		004F4BCE1B909442007DABE7 /* Frameworks */ = {
			isa = PBXFrameworksBuildPhase;
			buildActionMask = 2147483647;
			files = (
			);
			runOnlyForDeploymentPostprocessing = 0;
		};
/* End PBXFrameworksBuildPhase section */

/* Begin PBXGroup section */
		004F4BB01B909442007DABE7 = {
			isa = PBXGroup;
			children = (
				55088B9B1BCA32420029EC2B /* FollowAtRemind+CoreDataProperties.swift */,
				55088B9C1BCA32420029EC2B /* FollowAtRemind.swift */,
				5533F0861BCA2DA100EE4D08 /* User+CoreDataProperties.swift */,
				5533F0871BCA2DA100EE4D08 /* User.swift */,
				5533F08A1BCA2DA100EE4D08 /* CheckAtFollowing+CoreDataProperties.swift */,
				5533F08B1BCA2DA100EE4D08 /* CheckAtFollowing.swift */,
				5533F08C1BCA2DA100EE4D08 /* Remind+CoreDataProperties.swift */,
				5533F08D1BCA2DA100EE4D08 /* Remind.swift */,
				5533F08E1BCA2DA100EE4D08 /* RemindMessage+CoreDataProperties.swift */,
				5533F08F1BCA2DA100EE4D08 /* RemindMessage.swift */,
				004F4BBB1B909442007DABE7 /* crowingApp */,
				004F4BD41B909442007DABE7 /* crowingAppTests */,
				004F4BBA1B909442007DABE7 /* Products */,
				55CE97CF1BC3D2D00057F5C5 /* crowingApp-Bridging-Header.h */,
			);
			sourceTree = "<group>";
		};
		004F4BBA1B909442007DABE7 /* Products */ = {
			isa = PBXGroup;
			children = (
				004F4BB91B909442007DABE7 /* crowingApp.app */,
				004F4BD11B909442007DABE7 /* crowingAppTests.xctest */,
			);
			name = Products;
			sourceTree = "<group>";
		};
		004F4BBB1B909442007DABE7 /* crowingApp */ = {
			isa = PBXGroup;
			children = (
				004F4BE31B90A556007DABE7 /* 0.jpeg */,
				004F4BBE1B909442007DABE7 /* AppDelegate.swift */,
				002D475C1B91326700A43D5D /* AddRemindViewController.swift */,
				002D47601B91403600A43D5D /* ShowRemindViewController.swift */,
				004F4BC31B909442007DABE7 /* RemindListViewController.swift */,
				004F4BE11B9097B9007DABE7 /* CheckViewController.swift */,
				55D86AB51BC4CB3E0059ECA7 /* RemindSumListViewController.swift */,
				004F4BC51B909442007DABE7 /* Main.storyboard */,
				004F4BC81B909442007DABE7 /* Images.xcassets */,
				004F4BCA1B909442007DABE7 /* LaunchScreen.xib */,
				004F4BC01B909442007DABE7 /* crowingApp.xcdatamodeld */,
				004F4BBC1B909442007DABE7 /* Supporting Files */,
				00EB3AF41B93DEE8008B061A /* RemindListCreateViewController.swift */,
				00EB3AF61B93DEFE008B061A /* RemindListFollowViewController.swift */,
				000862641B98337E0031607D /* MyselfViewController.swift */,
				001A365D1BB21F2900D94F34 /* LoginViewController.swift */,
			);
			path = crowingApp;
			sourceTree = "<group>";
		};
		004F4BBC1B909442007DABE7 /* Supporting Files */ = {
			isa = PBXGroup;
			children = (
				004F4BBD1B909442007DABE7 /* Info.plist */,
			);
			name = "Supporting Files";
			sourceTree = "<group>";
		};
		004F4BD41B909442007DABE7 /* crowingAppTests */ = {
			isa = PBXGroup;
			children = (
				004F4BD71B909442007DABE7 /* crowingAppTests.swift */,
				004F4BD51B909442007DABE7 /* Supporting Files */,
			);
			path = crowingAppTests;
			sourceTree = "<group>";
		};
		004F4BD51B909442007DABE7 /* Supporting Files */ = {
			isa = PBXGroup;
			children = (
				004F4BD61B909442007DABE7 /* Info.plist */,
			);
			name = "Supporting Files";
			sourceTree = "<group>";
		};
/* End PBXGroup section */

/* Begin PBXNativeTarget section */
		004F4BB81B909442007DABE7 /* crowingApp */ = {
			isa = PBXNativeTarget;
			buildConfigurationList = 004F4BDB1B909442007DABE7 /* Build configuration list for PBXNativeTarget "crowingApp" */;
			buildPhases = (
				004F4BB51B909442007DABE7 /* Sources */,
				004F4BB61B909442007DABE7 /* Frameworks */,
				004F4BB71B909442007DABE7 /* Resources */,
			);
			buildRules = (
			);
			dependencies = (
			);
			name = crowingApp;
			productName = crowingApp;
			productReference = 004F4BB91B909442007DABE7 /* crowingApp.app */;
			productType = "com.apple.product-type.application";
		};
		004F4BD01B909442007DABE7 /* crowingAppTests */ = {
			isa = PBXNativeTarget;
			buildConfigurationList = 004F4BDE1B909442007DABE7 /* Build configuration list for PBXNativeTarget "crowingAppTests" */;
			buildPhases = (
				004F4BCD1B909442007DABE7 /* Sources */,
				004F4BCE1B909442007DABE7 /* Frameworks */,
				004F4BCF1B909442007DABE7 /* Resources */,
			);
			buildRules = (
			);
			dependencies = (
				004F4BD31B909442007DABE7 /* PBXTargetDependency */,
			);
			name = crowingAppTests;
			productName = crowingAppTests;
			productReference = 004F4BD11B909442007DABE7 /* crowingAppTests.xctest */;
			productType = "com.apple.product-type.bundle.unit-test";
		};
/* End PBXNativeTarget section */

/* Begin PBXProject section */
		004F4BB11B909442007DABE7 /* Project object */ = {
			isa = PBXProject;
			attributes = {
				LastSwiftMigration = 0710;
				LastSwiftUpdateCheck = 0710;
				LastUpgradeCheck = 0710;
				ORGANIZATIONNAME = "mike公司";
				TargetAttributes = {
					004F4BB81B909442007DABE7 = {
						CreatedOnToolsVersion = 6.4;
					};
					004F4BD01B909442007DABE7 = {
						CreatedOnToolsVersion = 6.4;
						TestTargetID = 004F4BB81B909442007DABE7;
					};
				};
			};
			buildConfigurationList = 004F4BB41B909442007DABE7 /* Build configuration list for PBXProject "crowingApp" */;
			compatibilityVersion = "Xcode 3.2";
			developmentRegion = English;
			hasScannedForEncodings = 0;
			knownRegions = (
				en,
				Base,
			);
			mainGroup = 004F4BB01B909442007DABE7;
			productRefGroup = 004F4BBA1B909442007DABE7 /* Products */;
			projectDirPath = "";
			projectRoot = "";
			targets = (
				004F4BB81B909442007DABE7 /* crowingApp */,
				004F4BD01B909442007DABE7 /* crowingAppTests */,
			);
		};
/* End PBXProject section */

/* Begin PBXResourcesBuildPhase section */
		004F4BB71B909442007DABE7 /* Resources */ = {
			isa = PBXResourcesBuildPhase;
			buildActionMask = 2147483647;
			files = (
				004F4BC71B909442007DABE7 /* Main.storyboard in Resources */,
				004F4BCC1B909442007DABE7 /* LaunchScreen.xib in Resources */,
				004F4BE41B90A556007DABE7 /* 0.jpeg in Resources */,
				004F4BC91B909442007DABE7 /* Images.xcassets in Resources */,
			);
			runOnlyForDeploymentPostprocessing = 0;
		};
		004F4BCF1B909442007DABE7 /* Resources */ = {
			isa = PBXResourcesBuildPhase;
			buildActionMask = 2147483647;
			files = (
			);
			runOnlyForDeploymentPostprocessing = 0;
		};
/* End PBXResourcesBuildPhase section */

/* Begin PBXSourcesBuildPhase section */
		004F4BB51B909442007DABE7 /* Sources */ = {
			isa = PBXSourcesBuildPhase;
			buildActionMask = 2147483647;
			files = (
				5533F0911BCA2DA100EE4D08 /* User.swift in Sources */,
				002D47611B91403600A43D5D /* ShowRemindViewController.swift in Sources */,
				55D86AB61BC4CB3E0059ECA7 /* RemindSumListViewController.swift in Sources */,
				5533F0941BCA2DA100EE4D08 /* CheckAtFollowing+CoreDataProperties.swift in Sources */,
				55088B9D1BCA32420029EC2B /* FollowAtRemind+CoreDataProperties.swift in Sources */,
				5533F0901BCA2DA100EE4D08 /* User+CoreDataProperties.swift in Sources */,
				004F4BE21B9097B9007DABE7 /* CheckViewController.swift in Sources */,
				00EB3AF71B93DEFE008B061A /* RemindListFollowViewController.swift in Sources */,
				5533F0981BCA2DA100EE4D08 /* RemindMessage+CoreDataProperties.swift in Sources */,
				5533F0951BCA2DA100EE4D08 /* CheckAtFollowing.swift in Sources */,
				5533F0991BCA2DA100EE4D08 /* RemindMessage.swift in Sources */,
				004F4BC41B909442007DABE7 /* RemindListViewController.swift in Sources */,
				5533F0961BCA2DA100EE4D08 /* Remind+CoreDataProperties.swift in Sources */,
				002D475D1B91326700A43D5D /* AddRemindViewController.swift in Sources */,
				5533F0971BCA2DA100EE4D08 /* Remind.swift in Sources */,
				004F4BBF1B909442007DABE7 /* AppDelegate.swift in Sources */,
				55088B9E1BCA32420029EC2B /* FollowAtRemind.swift in Sources */,
				000862651B98337E0031607D /* MyselfViewController.swift in Sources */,
				00EB3AF51B93DEE8008B061A /* RemindListCreateViewController.swift in Sources */,
				001A365E1BB21F2900D94F34 /* LoginViewController.swift in Sources */,
				004F4BC21B909442007DABE7 /* crowingApp.xcdatamodeld in Sources */,
			);
			runOnlyForDeploymentPostprocessing = 0;
		};
		004F4BCD1B909442007DABE7 /* Sources */ = {
			isa = PBXSourcesBuildPhase;
			buildActionMask = 2147483647;
			files = (
				004F4BD81B909442007DABE7 /* crowingAppTests.swift in Sources */,
			);
			runOnlyForDeploymentPostprocessing = 0;
		};
/* End PBXSourcesBuildPhase section */

/* Begin PBXTargetDependency section */
		004F4BD31B909442007DABE7 /* PBXTargetDependency */ = {
			isa = PBXTargetDependency;
			target = 004F4BB81B909442007DABE7 /* crowingApp */;
			targetProxy = 004F4BD21B909442007DABE7 /* PBXContainerItemProxy */;
		};
/* End PBXTargetDependency section */

/* Begin PBXVariantGroup section */
		004F4BC51B909442007DABE7 /* Main.storyboard */ = {
			isa = PBXVariantGroup;
			children = (
				004F4BC61B909442007DABE7 /* Base */,
			);
			name = Main.storyboard;
			sourceTree = "<group>";
		};
		004F4BCA1B909442007DABE7 /* LaunchScreen.xib */ = {
			isa = PBXVariantGroup;
			children = (
				004F4BCB1B909442007DABE7 /* Base */,
			);
			name = LaunchScreen.xib;
			sourceTree = "<group>";
		};
/* End PBXVariantGroup section */

/* Begin XCBuildConfiguration section */
		004F4BD91B909442007DABE7 /* Debug */ = {
			isa = XCBuildConfiguration;
			buildSettings = {
				ALWAYS_SEARCH_USER_PATHS = NO;
				CLANG_CXX_LANGUAGE_STANDARD = "gnu++0x";
				CLANG_CXX_LIBRARY = "libc++";
				CLANG_ENABLE_MODULES = YES;
				CLANG_ENABLE_OBJC_ARC = YES;
				CLANG_WARN_BOOL_CONVERSION = YES;
				CLANG_WARN_CONSTANT_CONVERSION = YES;
				CLANG_WARN_DIRECT_OBJC_ISA_USAGE = YES_ERROR;
				CLANG_WARN_EMPTY_BODY = YES;
				CLANG_WARN_ENUM_CONVERSION = YES;
				CLANG_WARN_INT_CONVERSION = YES;
				CLANG_WARN_OBJC_ROOT_CLASS = YES_ERROR;
				CLANG_WARN_UNREACHABLE_CODE = YES;
				CLANG_WARN__DUPLICATE_METHOD_MATCH = YES;
				"CODE_SIGN_IDENTITY[sdk=iphoneos*]" = "iPhone Developer";
				COPY_PHASE_STRIP = NO;
				DEBUG_INFORMATION_FORMAT = "dwarf-with-dsym";
				ENABLE_STRICT_OBJC_MSGSEND = YES;
				ENABLE_TESTABILITY = YES;
				GCC_C_LANGUAGE_STANDARD = gnu99;
				GCC_DYNAMIC_NO_PIC = NO;
				GCC_NO_COMMON_BLOCKS = YES;
				GCC_OPTIMIZATION_LEVEL = 0;
				GCC_PREPROCESSOR_DEFINITIONS = (
					"DEBUG=1",
					"$(inherited)",
				);
				GCC_SYMBOLS_PRIVATE_EXTERN = NO;
				GCC_WARN_64_TO_32_BIT_CONVERSION = YES;
				GCC_WARN_ABOUT_RETURN_TYPE = YES_ERROR;
				GCC_WARN_UNDECLARED_SELECTOR = YES;
				GCC_WARN_UNINITIALIZED_AUTOS = YES_AGGRESSIVE;
				GCC_WARN_UNUSED_FUNCTION = YES;
				GCC_WARN_UNUSED_VARIABLE = YES;
				IPHONEOS_DEPLOYMENT_TARGET = 8.4;
				MTL_ENABLE_DEBUG_INFO = YES;
				ONLY_ACTIVE_ARCH = YES;
				SDKROOT = iphoneos;
				SWIFT_OPTIMIZATION_LEVEL = "-Onone";
				TARGETED_DEVICE_FAMILY = "1,2";
				VALID_ARCHS = "arm64 armv7 armv7s";
			};
			name = Debug;
		};
		004F4BDA1B909442007DABE7 /* Release */ = {
			isa = XCBuildConfiguration;
			buildSettings = {
				ALWAYS_SEARCH_USER_PATHS = NO;
				CLANG_CXX_LANGUAGE_STANDARD = "gnu++0x";
				CLANG_CXX_LIBRARY = "libc++";
				CLANG_ENABLE_MODULES = YES;
				CLANG_ENABLE_OBJC_ARC = YES;
				CLANG_WARN_BOOL_CONVERSION = YES;
				CLANG_WARN_CONSTANT_CONVERSION = YES;
				CLANG_WARN_DIRECT_OBJC_ISA_USAGE = YES_ERROR;
				CLANG_WARN_EMPTY_BODY = YES;
				CLANG_WARN_ENUM_CONVERSION = YES;
				CLANG_WARN_INT_CONVERSION = YES;
				CLANG_WARN_OBJC_ROOT_CLASS = YES_ERROR;
				CLANG_WARN_UNREACHABLE_CODE = YES;
				CLANG_WARN__DUPLICATE_METHOD_MATCH = YES;
				"CODE_SIGN_IDENTITY[sdk=iphoneos*]" = "iPhone Developer";
				COPY_PHASE_STRIP = NO;
				DEBUG_INFORMATION_FORMAT = "dwarf-with-dsym";
				ENABLE_NS_ASSERTIONS = NO;
				ENABLE_STRICT_OBJC_MSGSEND = YES;
				GCC_C_LANGUAGE_STANDARD = gnu99;
				GCC_NO_COMMON_BLOCKS = YES;
				GCC_WARN_64_TO_32_BIT_CONVERSION = YES;
				GCC_WARN_ABOUT_RETURN_TYPE = YES_ERROR;
				GCC_WARN_UNDECLARED_SELECTOR = YES;
				GCC_WARN_UNINITIALIZED_AUTOS = YES_AGGRESSIVE;
				GCC_WARN_UNUSED_FUNCTION = YES;
				GCC_WARN_UNUSED_VARIABLE = YES;
				IPHONEOS_DEPLOYMENT_TARGET = 8.4;
				MTL_ENABLE_DEBUG_INFO = NO;
				SDKROOT = iphoneos;
				TARGETED_DEVICE_FAMILY = "1,2";
				VALIDATE_PRODUCT = YES;
				VALID_ARCHS = "arm64 armv7 armv7s";
			};
			name = Release;
		};
		004F4BDC1B909442007DABE7 /* Debug */ = {
			isa = XCBuildConfiguration;
			buildSettings = {
				ASSETCATALOG_COMPILER_APPICON_NAME = AppIcon;
				CLANG_ENABLE_MODULES = YES;
				INFOPLIST_FILE = crowingApp/Info.plist;
				LD_RUNPATH_SEARCH_PATHS = "$(inherited) @executable_path/Frameworks";
				PRODUCT_BUNDLE_IDENTIFIER = "com.mike.$(PRODUCT_NAME:rfc1034identifier)";
				PRODUCT_NAME = "$(TARGET_NAME)";
				SWIFT_OBJC_BRIDGING_HEADER = "crowingApp-Bridging-Header.h";
				SWIFT_OPTIMIZATION_LEVEL = "-Onone";
				VALID_ARCHS = "arm64 armv7 armv7s";
			};
			name = Debug;
		};
		004F4BDD1B909442007DABE7 /* Release */ = {
			isa = XCBuildConfiguration;
			buildSettings = {
				ASSETCATALOG_COMPILER_APPICON_NAME = AppIcon;
				CLANG_ENABLE_MODULES = YES;
				INFOPLIST_FILE = crowingApp/Info.plist;
				LD_RUNPATH_SEARCH_PATHS = "$(inherited) @executable_path/Frameworks";
				PRODUCT_BUNDLE_IDENTIFIER = "com.mike.$(PRODUCT_NAME:rfc1034identifier)";
				PRODUCT_NAME = "$(TARGET_NAME)";
				SWIFT_OBJC_BRIDGING_HEADER = "crowingApp-Bridging-Header.h";
				VALID_ARCHS = "arm64 armv7 armv7s";
			};
			name = Release;
		};
		004F4BDF1B909442007DABE7 /* Debug */ = {
			isa = XCBuildConfiguration;
			buildSettings = {
				BUNDLE_LOADER = "$(TEST_HOST)";
				FRAMEWORK_SEARCH_PATHS = (
					"$(SDKROOT)/Developer/Library/Frameworks",
					"$(inherited)",
				);
				GCC_PREPROCESSOR_DEFINITIONS = (
					"DEBUG=1",
					"$(inherited)",
				);
				INFOPLIST_FILE = crowingAppTests/Info.plist;
				LD_RUNPATH_SEARCH_PATHS = "$(inherited) @executable_path/Frameworks @loader_path/Frameworks";
				PRODUCT_BUNDLE_IDENTIFIER = "com.mike.$(PRODUCT_NAME:rfc1034identifier)";
				PRODUCT_NAME = "$(TARGET_NAME)";
				TEST_HOST = "$(BUILT_PRODUCTS_DIR)/crowingApp.app/crowingApp";
				VALID_ARCHS = "arm64 armv7 armv7s";
			};
			name = Debug;
		};
		004F4BE01B909442007DABE7 /* Release */ = {
			isa = XCBuildConfiguration;
			buildSettings = {
				BUNDLE_LOADER = "$(TEST_HOST)";
				FRAMEWORK_SEARCH_PATHS = (
					"$(SDKROOT)/Developer/Library/Frameworks",
					"$(inherited)",
				);
				INFOPLIST_FILE = crowingAppTests/Info.plist;
				LD_RUNPATH_SEARCH_PATHS = "$(inherited) @executable_path/Frameworks @loader_path/Frameworks";
				PRODUCT_BUNDLE_IDENTIFIER = "com.mike.$(PRODUCT_NAME:rfc1034identifier)";
				PRODUCT_NAME = "$(TARGET_NAME)";
				TEST_HOST = "$(BUILT_PRODUCTS_DIR)/crowingApp.app/crowingApp";
				VALID_ARCHS = "arm64 armv7 armv7s";
			};
			name = Release;
		};
/* End XCBuildConfiguration section */

/* Begin XCConfigurationList section */
		004F4BB41B909442007DABE7 /* Build configuration list for PBXProject "crowingApp" */ = {
			isa = XCConfigurationList;
			buildConfigurations = (
				004F4BD91B909442007DABE7 /* Debug */,
				004F4BDA1B909442007DABE7 /* Release */,
			);
			defaultConfigurationIsVisible = 0;
			defaultConfigurationName = Release;
		};
		004F4BDB1B909442007DABE7 /* Build configuration list for PBXNativeTarget "crowingApp" */ = {
			isa = XCConfigurationList;
			buildConfigurations = (
				004F4BDC1B909442007DABE7 /* Debug */,
				004F4BDD1B909442007DABE7 /* Release */,
			);
			defaultConfigurationIsVisible = 0;
			defaultConfigurationName = Release;
		};
		004F4BDE1B909442007DABE7 /* Build configuration list for PBXNativeTarget "crowingAppTests" */ = {
			isa = XCConfigurationList;
			buildConfigurations = (
				004F4BDF1B909442007DABE7 /* Debug */,
				004F4BE01B909442007DABE7 /* Release */,
			);
			defaultConfigurationIsVisible = 0;
			defaultConfigurationName = Release;
		};
/* End XCConfigurationList section */

/* Begin XCVersionGroup section */
		004F4BC01B909442007DABE7 /* crowingApp.xcdatamodeld */ = {
			isa = XCVersionGroup;
			children = (
				004F4BC11B909442007DABE7 /* crowingApp.xcdatamodel */,
			);
			currentVersion = 004F4BC11B909442007DABE7 /* crowingApp.xcdatamodel */;
			path = crowingApp.xcdatamodeld;
			sourceTree = "<group>";
			versionGroupType = wrapper.xcdatamodel;
		};
/* End XCVersionGroup section */
	};
	rootObject = 004F4BB11B909442007DABE7 /* Project object */;
}
